
Microsoft Visual Studio Solution File, Format Version 11.00
# Visual Studio 2010
Project("{8BC9CEB8-8B4A-11D0-8D11-00A0C91BC942}") = "SharpAPI", "SharpAPI\SharpAPI.vcxproj", "{492BF8BC-B374-4152-9F4B-AEE41F88294E}"
	ProjectSection(ProjectDependencies) = postProject
		{1DDB5620-1B0F-4D0E-BEB7-82BF1FEDC8DB} = {1DDB5620-1B0F-4D0E-BEB7-82BF1FEDC8DB}
		{DE06C484-12FE-4A57-A7BA-26F492298CF3} = {DE06C484-12FE-4A57-A7BA-26F492298CF3}
	EndProjectSection
EndProject
Project("{FAE04EC0-301F-11D3-BF4B-00C04F79EFBC}") = "SharpAPI.Interface", "SharpAPI.Interface\SharpAPI.Interface.csproj", "{DE06C484-12FE-4A57-A7BA-26F492298CF3}"
EndProject
Project("{2150E333-8FDC-42A3-9474-1A3956D46DE8}") = "Plugins", "Plugins", "{2A44EBF7-4365-40AB-93CB-D6002E649C97}"
EndProject
Project("{FAE04EC0-301F-11D3-BF4B-00C04F79EFBC}") = "SharpAPI.Console", "SharpAPI.Console\SharpAPI.Console.csproj", "{1DDB5620-1B0F-4D0E-BEB7-82BF1FEDC8DB}"
EndProject
Project("{8BC9CEB8-8B4A-11D0-8D11-00A0C91BC942}") = "zlib", "zlib-1.2.5\old\visualc6\zlib.vcxproj", "{BFBEE2A6-FADB-9678-F963-3B6825FCAB31}"
EndProject
Global
	GlobalSection(SolutionConfigurationPlatforms) = preSolution
		Debug|Any CPU = Debug|Any CPU
		Debug|Mixed Platforms = Debug|Mixed Platforms
		Debug|Win32 = Debug|Win32
		Debug|x86 = Debug|x86
		DLL ASM Debug|Any CPU = DLL ASM Debug|Any CPU
		DLL ASM Debug|Mixed Platforms = DLL ASM Debug|Mixed Platforms
		DLL ASM Debug|Win32 = DLL ASM Debug|Win32
		DLL ASM Debug|x86 = DLL ASM Debug|x86
		DLL ASM Release|Any CPU = DLL ASM Release|Any CPU
		DLL ASM Release|Mixed Platforms = DLL ASM Release|Mixed Platforms
		DLL ASM Release|Win32 = DLL ASM Release|Win32
		DLL ASM Release|x86 = DLL ASM Release|x86
		DLL Debug|Any CPU = DLL Debug|Any CPU
		DLL Debug|Mixed Platforms = DLL Debug|Mixed Platforms
		DLL Debug|Win32 = DLL Debug|Win32
		DLL Debug|x86 = DLL Debug|x86
		DLL Release|Any CPU = DLL Release|Any CPU
		DLL Release|Mixed Platforms = DLL Release|Mixed Platforms
		DLL Release|Win32 = DLL Release|Win32
		DLL Release|x86 = DLL Release|x86
		LIB ASM Debug|Any CPU = LIB ASM Debug|Any CPU
		LIB ASM Debug|Mixed Platforms = LIB ASM Debug|Mixed Platforms
		LIB ASM Debug|Win32 = LIB ASM Debug|Win32
		LIB ASM Debug|x86 = LIB ASM Debug|x86
		LIB ASM Release|Any CPU = LIB ASM Release|Any CPU
		LIB ASM Release|Mixed Platforms = LIB ASM Release|Mixed Platforms
		LIB ASM Release|Win32 = LIB ASM Release|Win32
		LIB ASM Release|x86 = LIB ASM Release|x86
		LIB Debug|Any CPU = LIB Debug|Any CPU
		LIB Debug|Mixed Platforms = LIB Debug|Mixed Platforms
		LIB Debug|Win32 = LIB Debug|Win32
		LIB Debug|x86 = LIB Debug|x86
		LIB Release|Any CPU = LIB Release|Any CPU
		LIB Release|Mixed Platforms = LIB Release|Mixed Platforms
		LIB Release|Win32 = LIB Release|Win32
		LIB Release|x86 = LIB Release|x86
		Release|Any CPU = Release|Any CPU
		Release|Mixed Platforms = Release|Mixed Platforms
		Release|Win32 = Release|Win32
		Release|x86 = Release|x86
	EndGlobalSection
	GlobalSection(ProjectConfigurationPlatforms) = postSolution
		{492BF8BC-B374-4152-9F4B-AEE41F88294E}.Debug|Any CPU.ActiveCfg = Debug|Win32
		{492BF8BC-B374-4152-9F4B-AEE41F88294E}.Debug|Mixed Platforms.ActiveCfg = Debug|Win32
		{492BF8BC-B374-4152-9F4B-AEE41F88294E}.Debug|Mixed Platforms.Build.0 = Debug|Win32
		{492BF8BC-B374-4152-9F4B-AEE41F88294E}.Debug|Win32.ActiveCfg = Debug|Win32
		{492BF8BC-B374-4152-9F4B-AEE41F88294E}.Debug|Win32.Build.0 = Debug|Win32
		{492BF8BC-B374-4152-9F4B-AEE41F88294E}.Debug|x86.ActiveCfg = Debug|Win32
		{492BF8BC-B374-4152-9F4B-AEE41F88294E}.DLL ASM Debug|Any CPU.ActiveCfg = Debug|Win32
		{492BF8BC-B374-4152-9F4B-AEE41F88294E}.DLL ASM Debug|Mixed Platforms.ActiveCfg = Debug|Win32
		{492BF8BC-B374-4152-9F4B-AEE41F88294E}.DLL ASM Debug|Mixed Platforms.Build.0 = Debug|Win32
		{492BF8BC-B374-4152-9F4B-AEE41F88294E}.DLL ASM Debug|Win32.ActiveCfg = Debug|Win32
		{492BF8BC-B374-4152-9F4B-AEE41F88294E}.DLL ASM Debug|Win32.Build.0 = Debug|Win32
		{492BF8BC-B374-4152-9F4B-AEE41F88294E}.DLL ASM Debug|x86.ActiveCfg = Debug|Win32
		{492BF8BC-B374-4152-9F4B-AEE41F88294E}.DLL ASM Release|Any CPU.ActiveCfg = Release|Win32
		{492BF8BC-B374-4152-9F4B-AEE41F88294E}.DLL ASM Release|Mixed Platforms.ActiveCfg = Release|Win32
		{492BF8BC-B374-4152-9F4B-AEE41F88294E}.DLL ASM Release|Mixed Platforms.Build.0 = Release|Win32
		{492BF8BC-B374-4152-9F4B-AEE41F88294E}.DLL ASM Release|Win32.ActiveCfg = Release|Win32
		{492BF8BC-B374-4152-9F4B-AEE41F88294E}.DLL ASM Release|Win32.Build.0 = Release|Win32
		{492BF8BC-B374-4152-9F4B-AEE41F88294E}.DLL ASM Release|x86.ActiveCfg = Release|Win32
		{492BF8BC-B374-4152-9F4B-AEE41F88294E}.DLL Debug|Any CPU.ActiveCfg = Debug|Win32
		{492BF8BC-B374-4152-9F4B-AEE41F88294E}.DLL Debug|Mixed Platforms.ActiveCfg = Debug|Win32
		{492BF8BC-B374-4152-9F4B-AEE41F88294E}.DLL Debug|Mixed Platforms.Build.0 = Debug|Win32
		{492BF8BC-B374-4152-9F4B-AEE41F88294E}.DLL Debug|Win32.ActiveCfg = Debug|Win32
		{492BF8BC-B374-4152-9F4B-AEE41F88294E}.DLL Debug|Win32.Build.0 = Debug|Win32
		{492BF8BC-B374-4152-9F4B-AEE41F88294E}.DLL Debug|x86.ActiveCfg = Debug|Win32
		{492BF8BC-B374-4152-9F4B-AEE41F88294E}.DLL Release|Any CPU.ActiveCfg = Release|Win32
		{492BF8BC-B374-4152-9F4B-AEE41F88294E}.DLL Release|Mixed Platforms.ActiveCfg = Release|Win32
		{492BF8BC-B374-4152-9F4B-AEE41F88294E}.DLL Release|Mixed Platforms.Build.0 = Release|Win32
		{492BF8BC-B374-4152-9F4B-AEE41F88294E}.DLL Release|Win32.ActiveCfg = Release|Win32
		{492BF8BC-B374-4152-9F4B-AEE41F88294E}.DLL Release|Win32.Build.0 = Release|Win32
		{492BF8BC-B374-4152-9F4B-AEE41F88294E}.DLL Release|x86.ActiveCfg = Release|Win32
		{492BF8BC-B374-4152-9F4B-AEE41F88294E}.LIB ASM Debug|Any CPU.ActiveCfg = Debug|Win32
		{492BF8BC-B374-4152-9F4B-AEE41F88294E}.LIB ASM Debug|Mixed Platforms.ActiveCfg = Debug|Win32
		{492BF8BC-B374-4152-9F4B-AEE41F88294E}.LIB ASM Debug|Mixed Platforms.Build.0 = Debug|Win32
		{492BF8BC-B374-4152-9F4B-AEE41F88294E}.LIB ASM Debug|Win32.ActiveCfg = Debug|Win32
		{492BF8BC-B374-4152-9F4B-AEE41F88294E}.LIB ASM Debug|Win32.Build.0 = Debug|Win32
		{492BF8BC-B374-4152-9F4B-AEE41F88294E}.LIB ASM Debug|x86.ActiveCfg = Debug|Win32
		{492BF8BC-B374-4152-9F4B-AEE41F88294E}.LIB ASM Release|Any CPU.ActiveCfg = Release|Win32
		{492BF8BC-B374-4152-9F4B-AEE41F88294E}.LIB ASM Release|Mixed Platforms.ActiveCfg = Release|Win32
		{492BF8BC-B374-4152-9F4B-AEE41F88294E}.LIB ASM Release|Mixed Platforms.Build.0 = Release|Win32
		{492BF8BC-B374-4152-9F4B-AEE41F88294E}.LIB ASM Release|Win32.ActiveCfg = Release|Win32
		{492BF8BC-B374-4152-9F4B-AEE41F88294E}.LIB ASM Release|Win32.Build.0 = Release|Win32
		{492BF8BC-B374-4152-9F4B-AEE41F88294E}.LIB ASM Release|x86.ActiveCfg = Release|Win32
		{492BF8BC-B374-4152-9F4B-AEE41F88294E}.LIB Debug|Any CPU.ActiveCfg = Debug|Win32
		{492BF8BC-B374-4152-9F4B-AEE41F88294E}.LIB Debug|Mixed Platforms.ActiveCfg = Debug|Win32
		{492BF8BC-B374-4152-9F4B-AEE41F88294E}.LIB Debug|Mixed Platforms.Build.0 = Debug|Win32
		{492BF8BC-B374-4152-9F4B-AEE41F88294E}.LIB Debug|Win32.ActiveCfg = Debug|Win32
		{492BF8BC-B374-4152-9F4B-AEE41F88294E}.LIB Debug|Win32.Build.0 = Debug|Win32
		{492BF8BC-B374-4152-9F4B-AEE41F88294E}.LIB Debug|x86.ActiveCfg = Debug|Win32
		{492BF8BC-B374-4152-9F4B-AEE41F88294E}.LIB Release|Any CPU.ActiveCfg = Release|Win32
		{492BF8BC-B374-4152-9F4B-AEE41F88294E}.LIB Release|Mixed Platforms.ActiveCfg = Release|Win32
		{492BF8BC-B374-4152-9F4B-AEE41F88294E}.LIB Release|Mixed Platforms.Build.0 = Release|Win32
		{492BF8BC-B374-4152-9F4B-AEE41F88294E}.LIB Release|Win32.ActiveCfg = Release|Win32
		{492BF8BC-B374-4152-9F4B-AEE41F88294E}.LIB Release|Win32.Build.0 = Release|Win32
		{492BF8BC-B374-4152-9F4B-AEE41F88294E}.LIB Release|x86.ActiveCfg = Release|Win32
		{492BF8BC-B374-4152-9F4B-AEE41F88294E}.Release|Any CPU.ActiveCfg = Release|Win32
		{492BF8BC-B374-4152-9F4B-AEE41F88294E}.Release|Mixed Platforms.ActiveCfg = Release|Win32
		{492BF8BC-B374-4152-9F4B-AEE41F88294E}.Release|Mixed Platforms.Build.0 = Release|Win32
		{492BF8BC-B374-4152-9F4B-AEE41F88294E}.Release|Win32.ActiveCfg = Release|Win32
		{492BF8BC-B374-4152-9F4B-AEE41F88294E}.Release|Win32.Build.0 = Release|Win32
		{492BF8BC-B374-4152-9F4B-AEE41F88294E}.Release|x86.ActiveCfg = Release|Win32
		{DE06C484-12FE-4A57-A7BA-26F492298CF3}.Debug|Any CPU.ActiveCfg = Debug|Any CPU
		{DE06C484-12FE-4A57-A7BA-26F492298CF3}.Debug|Any CPU.Build.0 = Debug|Any CPU
		{DE06C484-12FE-4A57-A7BA-26F492298CF3}.Debug|Mixed Platforms.ActiveCfg = Debug|Any CPU
		{DE06C484-12FE-4A57-A7BA-26F492298CF3}.Debug|Mixed Platforms.Build.0 = Debug|Any CPU
		{DE06C484-12FE-4A57-A7BA-26F492298CF3}.Debug|Win32.ActiveCfg = Debug|Any CPU
		{DE06C484-12FE-4A57-A7BA-26F492298CF3}.Debug|x86.ActiveCfg = Debug|Any CPU
		{DE06C484-12FE-4A57-A7BA-26F492298CF3}.DLL ASM Debug|Any CPU.ActiveCfg = Debug|Any CPU
		{DE06C484-12FE-4A57-A7BA-26F492298CF3}.DLL ASM Debug|Any CPU.Build.0 = Debug|Any CPU
		{DE06C484-12FE-4A57-A7BA-26F492298CF3}.DLL ASM Debug|Mixed Platforms.ActiveCfg = Debug|x86
		{DE06C484-12FE-4A57-A7BA-26F492298CF3}.DLL ASM Debug|Mixed Platforms.Build.0 = Debug|x86
		{DE06C484-12FE-4A57-A7BA-26F492298CF3}.DLL ASM Debug|Win32.ActiveCfg = Debug|x86
		{DE06C484-12FE-4A57-A7BA-26F492298CF3}.DLL ASM Debug|x86.ActiveCfg = Debug|x86
		{DE06C484-12FE-4A57-A7BA-26F492298CF3}.DLL ASM Debug|x86.Build.0 = Debug|x86
		{DE06C484-12FE-4A57-A7BA-26F492298CF3}.DLL ASM Release|Any CPU.ActiveCfg = Release|Any CPU
		{DE06C484-12FE-4A57-A7BA-26F492298CF3}.DLL ASM Release|Any CPU.Build.0 = Release|Any CPU
		{DE06C484-12FE-4A57-A7BA-26F492298CF3}.DLL ASM Release|Mixed Platforms.ActiveCfg = Release|x86
		{DE06C484-12FE-4A57-A7BA-26F492298CF3}.DLL ASM Release|Mixed Platforms.Build.0 = Release|x86
		{DE06C484-12FE-4A57-A7BA-26F492298CF3}.DLL ASM Release|Win32.ActiveCfg = Release|x86
		{DE06C484-12FE-4A57-A7BA-26F492298CF3}.DLL ASM Release|x86.ActiveCfg = Release|x86
		{DE06C484-12FE-4A57-A7BA-26F492298CF3}.DLL ASM Release|x86.Build.0 = Release|x86
		{DE06C484-12FE-4A57-A7BA-26F492298CF3}.DLL Debug|Any CPU.ActiveCfg = Debug|Any CPU
		{DE06C484-12FE-4A57-A7BA-26F492298CF3}.DLL Debug|Any CPU.Build.0 = Debug|Any CPU
		{DE06C484-12FE-4A57-A7BA-26F492298CF3}.DLL Debug|Mixed Platforms.ActiveCfg = Debug|x86
		{DE06C484-12FE-4A57-A7BA-26F492298CF3}.DLL Debug|Mixed Platforms.Build.0 = Debug|x86
		{DE06C484-12FE-4A57-A7BA-26F492298CF3}.DLL Debug|Win32.ActiveCfg = Debug|x86
		{DE06C484-12FE-4A57-A7BA-26F492298CF3}.DLL Debug|x86.ActiveCfg = Debug|x86
		{DE06C484-12FE-4A57-A7BA-26F492298CF3}.DLL Debug|x86.Build.0 = Debug|x86
		{DE06C484-12FE-4A57-A7BA-26F492298CF3}.DLL Release|Any CPU.ActiveCfg = Release|Any CPU
		{DE06C484-12FE-4A57-A7BA-26F492298CF3}.DLL Release|Any CPU.Build.0 = Release|Any CPU
		{DE06C484-12FE-4A57-A7BA-26F492298CF3}.DLL Release|Mixed Platforms.ActiveCfg = Release|x86
		{DE06C484-12FE-4A57-A7BA-26F492298CF3}.DLL Release|Mixed Platforms.Build.0 = Release|x86
		{DE06C484-12FE-4A57-A7BA-26F492298CF3}.DLL Release|Win32.ActiveCfg = Release|x86
		{DE06C484-12FE-4A57-A7BA-26F492298CF3}.DLL Release|x86.ActiveCfg = Release|x86
		{DE06C484-12FE-4A57-A7BA-26F492298CF3}.DLL Release|x86.Build.0 = Release|x86
		{DE06C484-12FE-4A57-A7BA-26F492298CF3}.LIB ASM Debug|Any CPU.ActiveCfg = Debug|Any CPU
		{DE06C484-12FE-4A57-A7BA-26F492298CF3}.LIB ASM Debug|Any CPU.Build.0 = Debug|Any CPU
		{DE06C484-12FE-4A57-A7BA-26F492298CF3}.LIB ASM Debug|Mixed Platforms.ActiveCfg = Debug|x86
		{DE06C484-12FE-4A57-A7BA-26F492298CF3}.LIB ASM Debug|Mixed Platforms.Build.0 = Debug|x86
		{DE06C484-12FE-4A57-A7BA-26F492298CF3}.LIB ASM Debug|Win32.ActiveCfg = Debug|x86
		{DE06C484-12FE-4A57-A7BA-26F492298CF3}.LIB ASM Debug|x86.ActiveCfg = Debug|x86
		{DE06C484-12FE-4A57-A7BA-26F492298CF3}.LIB ASM Debug|x86.Build.0 = Debug|x86
		{DE06C484-12FE-4A57-A7BA-26F492298CF3}.LIB ASM Release|Any CPU.ActiveCfg = Release|Any CPU
		{DE06C484-12FE-4A57-A7BA-26F492298CF3}.LIB ASM Release|Any CPU.Build.0 = Release|Any CPU
		{DE06C484-12FE-4A57-A7BA-26F492298CF3}.LIB ASM Release|Mixed Platforms.ActiveCfg = Release|x86
		{DE06C484-12FE-4A57-A7BA-26F492298CF3}.LIB ASM Release|Mixed Platforms.Build.0 = Release|x86
		{DE06C484-12FE-4A57-A7BA-26F492298CF3}.LIB ASM Release|Win32.ActiveCfg = Release|x86
		{DE06C484-12FE-4A57-A7BA-26F492298CF3}.LIB ASM Release|x86.ActiveCfg = Release|x86
		{DE06C484-12FE-4A57-A7BA-26F492298CF3}.LIB ASM Release|x86.Build.0 = Release|x86
		{DE06C484-12FE-4A57-A7BA-26F492298CF3}.LIB Debug|Any CPU.ActiveCfg = Debug|Any CPU
		{DE06C484-12FE-4A57-A7BA-26F492298CF3}.LIB Debug|Any CPU.Build.0 = Debug|Any CPU
		{DE06C484-12FE-4A57-A7BA-26F492298CF3}.LIB Debug|Mixed Platforms.ActiveCfg = Debug|x86
		{DE06C484-12FE-4A57-A7BA-26F492298CF3}.LIB Debug|Mixed Platforms.Build.0 = Debug|x86
		{DE06C484-12FE-4A57-A7BA-26F492298CF3}.LIB Debug|Win32.ActiveCfg = Debug|x86
		{DE06C484-12FE-4A57-A7BA-26F492298CF3}.LIB Debug|x86.ActiveCfg = Debug|x86
		{DE06C484-12FE-4A57-A7BA-26F492298CF3}.LIB Debug|x86.Build.0 = Debug|x86
		{DE06C484-12FE-4A57-A7BA-26F492298CF3}.LIB Release|Any CPU.ActiveCfg = Release|Any CPU
		{DE06C484-12FE-4A57-A7BA-26F492298CF3}.LIB Release|Any CPU.Build.0 = Release|Any CPU
		{DE06C484-12FE-4A57-A7BA-26F492298CF3}.LIB Release|Mixed Platforms.ActiveCfg = Release|x86
		{DE06C484-12FE-4A57-A7BA-26F492298CF3}.LIB Release|Mixed Platforms.Build.0 = Release|x86
		{DE06C484-12FE-4A57-A7BA-26F492298CF3}.LIB Release|Win32.ActiveCfg = Release|x86
		{DE06C484-12FE-4A57-A7BA-26F492298CF3}.LIB Release|x86.ActiveCfg = Release|x86
		{DE06C484-12FE-4A57-A7BA-26F492298CF3}.LIB Release|x86.Build.0 = Release|x86
		{DE06C484-12FE-4A57-A7BA-26F492298CF3}.Release|Any CPU.ActiveCfg = Release|Any CPU
		{DE06C484-12FE-4A57-A7BA-26F492298CF3}.Release|Any CPU.Build.0 = Release|Any CPU
		{DE06C484-12FE-4A57-A7BA-26F492298CF3}.Release|Mixed Platforms.ActiveCfg = Release|Any CPU
		{DE06C484-12FE-4A57-A7BA-26F492298CF3}.Release|Mixed Platforms.Build.0 = Release|Any CPU
		{DE06C484-12FE-4A57-A7BA-26F492298CF3}.Release|Win32.ActiveCfg = Release|Any CPU
		{DE06C484-12FE-4A57-A7BA-26F492298CF3}.Release|x86.ActiveCfg = Release|Any CPU
		{1DDB5620-1B0F-4D0E-BEB7-82BF1FEDC8DB}.Debug|Any CPU.ActiveCfg = Debug|Any CPU
		{1DDB5620-1B0F-4D0E-BEB7-82BF1FEDC8DB}.Debug|Any CPU.Build.0 = Debug|Any CPU
		{1DDB5620-1B0F-4D0E-BEB7-82BF1FEDC8DB}.Debug|Mixed Platforms.ActiveCfg = Debug|Any CPU
		{1DDB5620-1B0F-4D0E-BEB7-82BF1FEDC8DB}.Debug|Mixed Platforms.Build.0 = Debug|Any CPU
		{1DDB5620-1B0F-4D0E-BEB7-82BF1FEDC8DB}.Debug|Win32.ActiveCfg = Debug|Any CPU
		{1DDB5620-1B0F-4D0E-BEB7-82BF1FEDC8DB}.Debug|x86.ActiveCfg = Debug|Any CPU
		{1DDB5620-1B0F-4D0E-BEB7-82BF1FEDC8DB}.DLL ASM Debug|Any CPU.ActiveCfg = Debug|Any CPU
		{1DDB5620-1B0F-4D0E-BEB7-82BF1FEDC8DB}.DLL ASM Debug|Any CPU.Build.0 = Debug|Any CPU
		{1DDB5620-1B0F-4D0E-BEB7-82BF1FEDC8DB}.DLL ASM Debug|Mixed Platforms.ActiveCfg = Debug|x86
		{1DDB5620-1B0F-4D0E-BEB7-82BF1FEDC8DB}.DLL ASM Debug|Mixed Platforms.Build.0 = Debug|x86
		{1DDB5620-1B0F-4D0E-BEB7-82BF1FEDC8DB}.DLL ASM Debug|Win32.ActiveCfg = Debug|x86
		{1DDB5620-1B0F-4D0E-BEB7-82BF1FEDC8DB}.DLL ASM Debug|x86.ActiveCfg = Debug|x86
		{1DDB5620-1B0F-4D0E-BEB7-82BF1FEDC8DB}.DLL ASM Debug|x86.Build.0 = Debug|x86
		{1DDB5620-1B0F-4D0E-BEB7-82BF1FEDC8DB}.DLL ASM Release|Any CPU.ActiveCfg = Release|Any CPU
		{1DDB5620-1B0F-4D0E-BEB7-82BF1FEDC8DB}.DLL ASM Release|Any CPU.Build.0 = Release|Any CPU
		{1DDB5620-1B0F-4D0E-BEB7-82BF1FEDC8DB}.DLL ASM Release|Mixed Platforms.ActiveCfg = Release|x86
		{1DDB5620-1B0F-4D0E-BEB7-82BF1FEDC8DB}.DLL ASM Release|Mixed Platforms.Build.0 = Release|x86
		{1DDB5620-1B0F-4D0E-BEB7-82BF1FEDC8DB}.DLL ASM Release|Win32.ActiveCfg = Release|x86
		{1DDB5620-1B0F-4D0E-BEB7-82BF1FEDC8DB}.DLL ASM Release|x86.ActiveCfg = Release|x86
		{1DDB5620-1B0F-4D0E-BEB7-82BF1FEDC8DB}.DLL ASM Release|x86.Build.0 = Release|x86
		{1DDB5620-1B0F-4D0E-BEB7-82BF1FEDC8DB}.DLL Debug|Any CPU.ActiveCfg = Debug|Any CPU
		{1DDB5620-1B0F-4D0E-BEB7-82BF1FEDC8DB}.DLL Debug|Any CPU.Build.0 = Debug|Any CPU
		{1DDB5620-1B0F-4D0E-BEB7-82BF1FEDC8DB}.DLL Debug|Mixed Platforms.ActiveCfg = Debug|x86
		{1DDB5620-1B0F-4D0E-BEB7-82BF1FEDC8DB}.DLL Debug|Mixed Platforms.Build.0 = Debug|x86
		{1DDB5620-1B0F-4D0E-BEB7-82BF1FEDC8DB}.DLL Debug|Win32.ActiveCfg = Debug|x86
		{1DDB5620-1B0F-4D0E-BEB7-82BF1FEDC8DB}.DLL Debug|x86.ActiveCfg = Debug|x86
		{1DDB5620-1B0F-4D0E-BEB7-82BF1FEDC8DB}.DLL Debug|x86.Build.0 = Debug|x86
		{1DDB5620-1B0F-4D0E-BEB7-82BF1FEDC8DB}.DLL Release|Any CPU.ActiveCfg = Release|Any CPU
		{1DDB5620-1B0F-4D0E-BEB7-82BF1FEDC8DB}.DLL Release|Any CPU.Build.0 = Release|Any CPU
		{1DDB5620-1B0F-4D0E-BEB7-82BF1FEDC8DB}.DLL Release|Mixed Platforms.ActiveCfg = Release|x86
		{1DDB5620-1B0F-4D0E-BEB7-82BF1FEDC8DB}.DLL Release|Mixed Platforms.Build.0 = Release|x86
		{1DDB5620-1B0F-4D0E-BEB7-82BF1FEDC8DB}.DLL Release|Win32.ActiveCfg = Release|x86
		{1DDB5620-1B0F-4D0E-BEB7-82BF1FEDC8DB}.DLL Release|x86.ActiveCfg = Release|x86
		{1DDB5620-1B0F-4D0E-BEB7-82BF1FEDC8DB}.DLL Release|x86.Build.0 = Release|x86
		{1DDB5620-1B0F-4D0E-BEB7-82BF1FEDC8DB}.LIB ASM Debug|Any CPU.ActiveCfg = Debug|Any CPU
		{1DDB5620-1B0F-4D0E-BEB7-82BF1FEDC8DB}.LIB ASM Debug|Any CPU.Build.0 = Debug|Any CPU
		{1DDB5620-1B0F-4D0E-BEB7-82BF1FEDC8DB}.LIB ASM Debug|Mixed Platforms.ActiveCfg = Debug|x86
		{1DDB5620-1B0F-4D0E-BEB7-82BF1FEDC8DB}.LIB ASM Debug|Mixed Platforms.Build.0 = Debug|x86
		{1DDB5620-1B0F-4D0E-BEB7-82BF1FEDC8DB}.LIB ASM Debug|Win32.ActiveCfg = Debug|x86
		{1DDB5620-1B0F-4D0E-BEB7-82BF1FEDC8DB}.LIB ASM Debug|x86.ActiveCfg = Debug|x86
		{1DDB5620-1B0F-4D0E-BEB7-82BF1FEDC8DB}.LIB ASM Debug|x86.Build.0 = Debug|x86
		{1DDB5620-1B0F-4D0E-BEB7-82BF1FEDC8DB}.LIB ASM Release|Any CPU.ActiveCfg = Release|Any CPU
		{1DDB5620-1B0F-4D0E-BEB7-82BF1FEDC8DB}.LIB ASM Release|Any CPU.Build.0 = Release|Any CPU
		{1DDB5620-1B0F-4D0E-BEB7-82BF1FEDC8DB}.LIB ASM Release|Mixed Platforms.ActiveCfg = Release|x86
		{1DDB5620-1B0F-4D0E-BEB7-82BF1FEDC8DB}.LIB ASM Release|Mixed Platforms.Build.0 = Release|x86
		{1DDB5620-1B0F-4D0E-BEB7-82BF1FEDC8DB}.LIB ASM Release|Win32.ActiveCfg = Release|x86
		{1DDB5620-1B0F-4D0E-BEB7-82BF1FEDC8DB}.LIB ASM Release|x86.ActiveCfg = Release|x86
		{1DDB5620-1B0F-4D0E-BEB7-82BF1FEDC8DB}.LIB ASM Release|x86.Build.0 = Release|x86
		{1DDB5620-1B0F-4D0E-BEB7-82BF1FEDC8DB}.LIB Debug|Any CPU.ActiveCfg = Debug|Any CPU
		{1DDB5620-1B0F-4D0E-BEB7-82BF1FEDC8DB}.LIB Debug|Any CPU.Build.0 = Debug|Any CPU
		{1DDB5620-1B0F-4D0E-BEB7-82BF1FEDC8DB}.LIB Debug|Mixed Platforms.ActiveCfg = Debug|x86
		{1DDB5620-1B0F-4D0E-BEB7-82BF1FEDC8DB}.LIB Debug|Mixed Platforms.Build.0 = Debug|x86
		{1DDB5620-1B0F-4D0E-BEB7-82BF1FEDC8DB}.LIB Debug|Win32.ActiveCfg = Debug|x86
		{1DDB5620-1B0F-4D0E-BEB7-82BF1FEDC8DB}.LIB Debug|x86.ActiveCfg = Debug|x86
		{1DDB5620-1B0F-4D0E-BEB7-82BF1FEDC8DB}.LIB Debug|x86.Build.0 = Debug|x86
		{1DDB5620-1B0F-4D0E-BEB7-82BF1FEDC8DB}.LIB Release|Any CPU.ActiveCfg = Release|Any CPU
		{1DDB5620-1B0F-4D0E-BEB7-82BF1FEDC8DB}.LIB Release|Any CPU.Build.0 = Release|Any CPU
		{1DDB5620-1B0F-4D0E-BEB7-82BF1FEDC8DB}.LIB Release|Mixed Platforms.ActiveCfg = Release|x86
		{1DDB5620-1B0F-4D0E-BEB7-82BF1FEDC8DB}.LIB Release|Mixed Platforms.Build.0 = Release|x86
		{1DDB5620-1B0F-4D0E-BEB7-82BF1FEDC8DB}.LIB Release|Win32.ActiveCfg = Release|x86
		{1DDB5620-1B0F-4D0E-BEB7-82BF1FEDC8DB}.LIB Release|x86.ActiveCfg = Release|x86
		{1DDB5620-1B0F-4D0E-BEB7-82BF1FEDC8DB}.LIB Release|x86.Build.0 = Release|x86
		{1DDB5620-1B0F-4D0E-BEB7-82BF1FEDC8DB}.Release|Any CPU.ActiveCfg = Release|Any CPU
		{1DDB5620-1B0F-4D0E-BEB7-82BF1FEDC8DB}.Release|Any CPU.Build.0 = Release|Any CPU
		{1DDB5620-1B0F-4D0E-BEB7-82BF1FEDC8DB}.Release|Mixed Platforms.ActiveCfg = Release|Any CPU
		{1DDB5620-1B0F-4D0E-BEB7-82BF1FEDC8DB}.Release|Mixed Platforms.Build.0 = Release|Any CPU
		{1DDB5620-1B0F-4D0E-BEB7-82BF1FEDC8DB}.Release|Win32.ActiveCfg = Release|Any CPU
		{1DDB5620-1B0F-4D0E-BEB7-82BF1FEDC8DB}.Release|x86.ActiveCfg = Release|Any CPU
		{BFBEE2A6-FADB-9678-F963-3B6825FCAB31}.Debug|Any CPU.ActiveCfg = DLL Release|Win32
		{BFBEE2A6-FADB-9678-F963-3B6825FCAB31}.Debug|Mixed Platforms.ActiveCfg = DLL Release|Win32
		{BFBEE2A6-FADB-9678-F963-3B6825FCAB31}.Debug|Mixed Platforms.Build.0 = DLL Release|Win32
		{BFBEE2A6-FADB-9678-F963-3B6825FCAB31}.Debug|Win32.ActiveCfg = LIB Debug|Win32
		{BFBEE2A6-FADB-9678-F963-3B6825FCAB31}.Debug|Win32.Build.0 = LIB Debug|Win32
		{BFBEE2A6-FADB-9678-F963-3B6825FCAB31}.Debug|x86.ActiveCfg = DLL Release|Win32
		{BFBEE2A6-FADB-9678-F963-3B6825FCAB31}.DLL ASM Debug|Any CPU.ActiveCfg = DLL ASM Debug|Win32
		{BFBEE2A6-FADB-9678-F963-3B6825FCAB31}.DLL ASM Debug|Mixed Platforms.ActiveCfg = DLL ASM Debug|Win32
		{BFBEE2A6-FADB-9678-F963-3B6825FCAB31}.DLL ASM Debug|Mixed Platforms.Build.0 = DLL ASM Debug|Win32
		{BFBEE2A6-FADB-9678-F963-3B6825FCAB31}.DLL ASM Debug|Win32.ActiveCfg = DLL ASM Debug|Win32
		{BFBEE2A6-FADB-9678-F963-3B6825FCAB31}.DLL ASM Debug|Win32.Build.0 = DLL ASM Debug|Win32
		{BFBEE2A6-FADB-9678-F963-3B6825FCAB31}.DLL ASM Debug|x86.ActiveCfg = DLL ASM Debug|Win32
		{BFBEE2A6-FADB-9678-F963-3B6825FCAB31}.DLL ASM Release|Any CPU.ActiveCfg = DLL ASM Release|Win32
		{BFBEE2A6-FADB-9678-F963-3B6825FCAB31}.DLL ASM Release|Mixed Platforms.ActiveCfg = DLL ASM Release|Win32
		{BFBEE2A6-FADB-9678-F963-3B6825FCAB31}.DLL ASM Release|Mixed Platforms.Build.0 = DLL ASM Release|Win32
		{BFBEE2A6-FADB-9678-F963-3B6825FCAB31}.DLL ASM Release|Win32.ActiveCfg = DLL ASM Release|Win32
		{BFBEE2A6-FADB-9678-F963-3B6825FCAB31}.DLL ASM Release|Win32.Build.0 = DLL ASM Release|Win32
		{BFBEE2A6-FADB-9678-F963-3B6825FCAB31}.DLL ASM Release|x86.ActiveCfg = DLL ASM Release|Win32
		{BFBEE2A6-FADB-9678-F963-3B6825FCAB31}.DLL Debug|Any CPU.ActiveCfg = DLL Debug|Win32
		{BFBEE2A6-FADB-9678-F963-3B6825FCAB31}.DLL Debug|Mixed Platforms.ActiveCfg = DLL Debug|Win32
		{BFBEE2A6-FADB-9678-F963-3B6825FCAB31}.DLL Debug|Mixed Platforms.Build.0 = DLL Debug|Win32
		{BFBEE2A6-FADB-9678-F963-3B6825FCAB31}.DLL Debug|Win32.ActiveCfg = DLL Debug|Win32
		{BFBEE2A6-FADB-9678-F963-3B6825FCAB31}.DLL Debug|Win32.Build.0 = DLL Debug|Win32
		{BFBEE2A6-FADB-9678-F963-3B6825FCAB31}.DLL Debug|x86.ActiveCfg = DLL Debug|Win32
		{BFBEE2A6-FADB-9678-F963-3B6825FCAB31}.DLL Release|Any CPU.ActiveCfg = DLL Release|Win32
		{BFBEE2A6-FADB-9678-F963-3B6825FCAB31}.DLL Release|Mixed Platforms.ActiveCfg = DLL Release|Win32
		{BFBEE2A6-FADB-9678-F963-3B6825FCAB31}.DLL Release|Mixed Platforms.Build.0 = DLL Release|Win32
		{BFBEE2A6-FADB-9678-F963-3B6825FCAB31}.DLL Release|Win32.ActiveCfg = DLL Release|Win32
		{BFBEE2A6-FADB-9678-F963-3B6825FCAB31}.DLL Release|Win32.Build.0 = DLL Release|Win32
		{BFBEE2A6-FADB-9678-F963-3B6825FCAB31}.DLL Release|x86.ActiveCfg = DLL Release|Win32
		{BFBEE2A6-FADB-9678-F963-3B6825FCAB31}.LIB ASM Debug|Any CPU.ActiveCfg = LIB ASM Debug|Win32
		{BFBEE2A6-FADB-9678-F963-3B6825FCAB31}.LIB ASM Debug|Mixed Platforms.ActiveCfg = LIB ASM Debug|Win32
		{BFBEE2A6-FADB-9678-F963-3B6825FCAB31}.LIB ASM Debug|Mixed Platforms.Build.0 = LIB ASM Debug|Win32
		{BFBEE2A6-FADB-9678-F963-3B6825FCAB31}.LIB ASM Debug|Win32.ActiveCfg = LIB ASM Debug|Win32
		{BFBEE2A6-FADB-9678-F963-3B6825FCAB31}.LIB ASM Debug|Win32.Build.0 = LIB ASM Debug|Win32
		{BFBEE2A6-FADB-9678-F963-3B6825FCAB31}.LIB ASM Debug|x86.ActiveCfg = LIB ASM Debug|Win32
		{BFBEE2A6-FADB-9678-F963-3B6825FCAB31}.LIB ASM Release|Any CPU.ActiveCfg = LIB ASM Release|Win32
		{BFBEE2A6-FADB-9678-F963-3B6825FCAB31}.LIB ASM Release|Mixed Platforms.ActiveCfg = LIB ASM Release|Win32
		{BFBEE2A6-FADB-9678-F963-3B6825FCAB31}.LIB ASM Release|Mixed Platforms.Build.0 = LIB ASM Release|Win32
		{BFBEE2A6-FADB-9678-F963-3B6825FCAB31}.LIB ASM Release|Win32.ActiveCfg = LIB ASM Release|Win32
		{BFBEE2A6-FADB-9678-F963-3B6825FCAB31}.LIB ASM Release|Win32.Build.0 = LIB ASM Release|Win32
		{BFBEE2A6-FADB-9678-F963-3B6825FCAB31}.LIB ASM Release|x86.ActiveCfg = LIB ASM Release|Win32
		{BFBEE2A6-FADB-9678-F963-3B6825FCAB31}.LIB Debug|Any CPU.ActiveCfg = LIB Debug|Win32
		{BFBEE2A6-FADB-9678-F963-3B6825FCAB31}.LIB Debug|Mixed Platforms.ActiveCfg = LIB Debug|Win32
		{BFBEE2A6-FADB-9678-F963-3B6825FCAB31}.LIB Debug|Mixed Platforms.Build.0 = LIB Debug|Win32
		{BFBEE2A6-FADB-9678-F963-3B6825FCAB31}.LIB Debug|Win32.ActiveCfg = LIB Debug|Win32
		{BFBEE2A6-FADB-9678-F963-3B6825FCAB31}.LIB Debug|Win32.Build.0 = LIB Debug|Win32
		{BFBEE2A6-FADB-9678-F963-3B6825FCAB31}.LIB Debug|x86.ActiveCfg = LIB Debug|Win32
		{BFBEE2A6-FADB-9678-F963-3B6825FCAB31}.LIB Release|Any CPU.ActiveCfg = LIB Release|Win32
		{BFBEE2A6-FADB-9678-F963-3B6825FCAB31}.LIB Release|Mixed Platforms.ActiveCfg = LIB Release|Win32
		{BFBEE2A6-FADB-9678-F963-3B6825FCAB31}.LIB Release|Mixed Platforms.Build.0 = LIB Release|Win32
		{BFBEE2A6-FADB-9678-F963-3B6825FCAB31}.LIB Release|Win32.ActiveCfg = LIB Release|Win32
		{BFBEE2A6-FADB-9678-F963-3B6825FCAB31}.LIB Release|Win32.Build.0 = LIB Release|Win32
		{BFBEE2A6-FADB-9678-F963-3B6825FCAB31}.LIB Release|x86.ActiveCfg = LIB Release|Win32
		{BFBEE2A6-FADB-9678-F963-3B6825FCAB31}.Release|Any CPU.ActiveCfg = LIB Release|Win32
		{BFBEE2A6-FADB-9678-F963-3B6825FCAB31}.Release|Mixed Platforms.ActiveCfg = LIB Release|Win32
		{BFBEE2A6-FADB-9678-F963-3B6825FCAB31}.Release|Mixed Platforms.Build.0 = LIB Release|Win32
		{BFBEE2A6-FADB-9678-F963-3B6825FCAB31}.Release|Win32.ActiveCfg = LIB Release|Win32
		{BFBEE2A6-FADB-9678-F963-3B6825FCAB31}.Release|Win32.Build.0 = LIB Release|Win32
		{BFBEE2A6-FADB-9678-F963-3B6825FCAB31}.Release|x86.ActiveCfg = LIB Release|Win32
	EndGlobalSection
	GlobalSection(SolutionProperties) = preSolution
		HideSolutionNode = FALSE
	EndGlobalSection
	GlobalSection(NestedProjects) = preSolution
		{1DDB5620-1B0F-4D0E-BEB7-82BF1FEDC8DB} = {2A44EBF7-4365-40AB-93CB-D6002E649C97}
	EndGlobalSection
	GlobalSection(ExtensibilityGlobals) = postSolution
		BuildVersion_UpdateAssemblyVersion = False
		BuildVersion_BuildVersioningStyle = None.Increment.None.TimeStamp
		BuildVersion_StartDate = 2010/8/27
	EndGlobalSection
EndGlobal
