<?xml version="1.0" encoding="utf-8"?>
<Project ToolsVersion="4.0" xmlns="http://schemas.microsoft.com/developer/msbuild/2003">
  <ItemGroup>
    <Filter Include="Source Files">
      <UniqueIdentifier>{4FC737F1-C7A5-4376-A066-2A32D752A2FF}</UniqueIdentifier>
      <Extensions>cpp;c;cc;cxx;def;odl;idl;hpj;bat;asm;asmx</Extensions>
    </Filter>
    <Filter Include="Header Files">
      <UniqueIdentifier>{93995380-89BD-4b04-88EB-625FBE52EBFB}</UniqueIdentifier>
      <Extensions>h;hpp;hxx;hm;inl;inc;xsd</Extensions>
    </Filter>
    <Filter Include="Resource Files">
      <UniqueIdentifier>{67DA6AB6-F800-4c08-8B7A-83BB121AAD01}</UniqueIdentifier>
      <Extensions>rc;ico;cur;bmp;dlg;rc2;rct;bin;rgs;gif;jpg;jpeg;jpe;resx;tiff;tif;png;wav;mfcribbon-ms</Extensions>
    </Filter>
    <Filter Include="Header Files\Helpers">
      <UniqueIdentifier>{b5daeb5d-d776-4f5b-b73a-d61a6219f05d}</UniqueIdentifier>
    </Filter>
    <Filter Include="Source Files\Engine">
      <UniqueIdentifier>{b094218f-e275-4d9a-8840-d4e951e79016}</UniqueIdentifier>
    </Filter>
    <Filter Include="Header Files\Plugin">
      <UniqueIdentifier>{2c5fdce2-167a-4a01-8c57-b9c7b5ca6fbf}</UniqueIdentifier>
    </Filter>
    <Filter Include="Source Files\Plugin">
      <UniqueIdentifier>{edc35565-3c4e-447f-adec-06e1444b8f71}</UniqueIdentifier>
    </Filter>
    <Filter Include="Header Files\ROSE">
      <UniqueIdentifier>{759bd994-c480-49c6-80f9-09149634692e}</UniqueIdentifier>
    </Filter>
    <Filter Include="Source Files\ROSE">
      <UniqueIdentifier>{be085a86-650c-43ed-95bf-551d5952d446}</UniqueIdentifier>
    </Filter>
    <Filter Include="Header Files\DataTypes">
      <UniqueIdentifier>{ea3c55f8-cb59-488b-8a79-4841c0e48350}</UniqueIdentifier>
    </Filter>
    <Filter Include="Source Files\UI">
      <UniqueIdentifier>{c596252a-2bb4-451f-8fd1-2cd4c8ee68fc}</UniqueIdentifier>
    </Filter>
    <Filter Include="Header Files\UI">
      <UniqueIdentifier>{3ca398a4-d845-4f70-a98e-90f4de71564e}</UniqueIdentifier>
    </Filter>
    <Filter Include="Source Files\ROSE\Interface">
      <UniqueIdentifier>{ae4100c3-60c2-4c94-ba15-9e5cae3da5f3}</UniqueIdentifier>
    </Filter>
    <Filter Include="Header Files\ROSE\Interface">
      <UniqueIdentifier>{bb9f0fd4-bd1c-4cf9-a2b4-af10482d8f1d}</UniqueIdentifier>
    </Filter>
    <Filter Include="Source Files\ROSE\Interface\External">
      <UniqueIdentifier>{01911476-fd5b-4936-896b-19a2e8f5ca31}</UniqueIdentifier>
    </Filter>
    <Filter Include="Header Files\ROSE\Interface\External">
      <UniqueIdentifier>{7e051ab4-e329-4eb7-a9d4-d51af19493f1}</UniqueIdentifier>
    </Filter>
  </ItemGroup>
  <ItemGroup>
    <ClCompile Include="HookList.h">
      <Filter>Header Files\Helpers</Filter>
    </ClCompile>
    <ClCompile Include="PluginManager.cpp">
      <Filter>Source Files\Plugin</Filter>
    </ClCompile>
    <ClCompile Include="Plugin.cpp">
      <Filter>Source Files\Plugin</Filter>
    </ClCompile>
    <ClCompile Include="Scene.cpp">
      <Filter>Source Files\Engine</Filter>
    </ClCompile>
    <ClCompile Include="ZnZin.cpp">
      <Filter>Source Files\Engine</Filter>
    </ClCompile>
    <ClCompile Include="Game.cpp">
      <Filter>Source Files\ROSE</Filter>
    </ClCompile>
    <ClCompile Include="GameData.cpp">
      <Filter>Source Files\ROSE</Filter>
    </ClCompile>
    <ClCompile Include="Dialog.cpp">
      <Filter>Source Files\UI</Filter>
    </ClCompile>
    <ClCompile Include="IT_MGR.cpp">
      <Filter>Source Files\ROSE\Interface</Filter>
    </ClCompile>
    <ClCompile Include="main.cpp">
      <Filter>Source Files</Filter>
    </ClCompile>
    <ClCompile Include="ExternalUIManager.cpp">
      <Filter>Source Files\ROSE\Interface\External</Filter>
    </ClCompile>
    <ClCompile Include="ExternalUILobby.cpp">
      <Filter>Source Files\ROSE\Interface\External</Filter>
    </ClCompile>
    <ClCompile Include="PluginDialog.cpp">
      <Filter>Source Files\Plugin</Filter>
    </ClCompile>
    <ClCompile Include="Control.cpp">
      <Filter>Source Files\UI</Filter>
    </ClCompile>
    <ClCompile Include="SinglelineString.cpp">
      <Filter>Source Files\UI</Filter>
    </ClCompile>
    <ClCompile Include="Script.cpp">
      <Filter>Source Files\Plugin</Filter>
    </ClCompile>
  </ItemGroup>
  <ItemGroup>
    <ClInclude Include="Console.h">
      <Filter>Header Files</Filter>
    </ClInclude>
    <ClInclude Include="main.h">
      <Filter>Header Files</Filter>
    </ClInclude>
    <ClInclude Include="Templates.h">
      <Filter>Header Files\Helpers</Filter>
    </ClInclude>
    <ClInclude Include="Code.h">
      <Filter>Header Files\Helpers</Filter>
    </ClInclude>
    <ClInclude Include="PluginManager.h">
      <Filter>Header Files\Plugin</Filter>
    </ClInclude>
    <ClInclude Include="Plugin.h">
      <Filter>Header Files\Plugin</Filter>
    </ClInclude>
    <ClInclude Include="SharpAPI.h">
      <Filter>Header Files</Filter>
    </ClInclude>
    <ClInclude Include="CStrVAR.h">
      <Filter>Header Files\DataTypes</Filter>
    </ClInclude>
    <ClInclude Include="VariableTypes.h">
      <Filter>Header Files\DataTypes</Filter>
    </ClInclude>
    <ClInclude Include="Game.h">
      <Filter>Header Files\ROSE</Filter>
    </ClInclude>
    <ClInclude Include="GameData.h">
      <Filter>Header Files\ROSE</Filter>
    </ClInclude>
    <ClInclude Include="Dialog.h">
      <Filter>Header Files\UI</Filter>
    </ClInclude>
    <ClInclude Include="IT_MGR.h">
      <Filter>Header Files\ROSE\Interface</Filter>
    </ClInclude>
    <ClInclude Include="Interop.h">
      <Filter>Header Files\Helpers</Filter>
    </ClInclude>
    <ClInclude Include="ExternalUILobby.h">
      <Filter>Header Files\ROSE\Interface\External</Filter>
    </ClInclude>
    <ClInclude Include="ExternalUIManager.h">
      <Filter>Header Files\ROSE\Interface\External</Filter>
    </ClInclude>
    <ClInclude Include="PluginDialog.h">
      <Filter>Header Files\Plugin</Filter>
    </ClInclude>
    <ClInclude Include="Control.h">
      <Filter>Header Files\UI</Filter>
    </ClInclude>
    <ClInclude Include="SinglelineString.h">
      <Filter>Header Files\UI</Filter>
    </ClInclude>
    <ClInclude Include="Script.h">
      <Filter>Header Files\Plugin</Filter>
    </ClInclude>
  </ItemGroup>
</Project>